PODS:
  - MBProgressHUD (1.1.0)

DEPENDENCIES:
  - MBProgressHUD (~> 1.1.0)

SPEC REPOS:
  https://github.com/cocoapods/specs.git:
    - MBProgressHUD

SPEC CHECKSUMS:
  MBProgressHUD: e7baa36a220447d8aeb12769bf0585582f3866d9

PODFILE CHECKSUM: d9c8cb349e9ce0e5e7ed42c0c94dbf2cd6102729

COCOAPODS: 1.6.1
